{
  "originHash" : "f0f760e6b7851dbf2b72b4a4cc2870bb28a7de206cf6127fe665da14b1dedbdd",
  "pins" : [
    {
      "identity" : "timelinetableviewcell",
      "kind" : "remoteSourceControl",
      "location" : "https://github.com/egigoka/TimelineTableViewCell",
      "state" : {
        "branch" : "master",
        "revision" : "3032156aef6d69a7e390f0d9989df33abac224b8"
      }
    }
  ],
  "version" : 3
}
