{
  "originHash" : "f0f760e6b7851dbf2b72b4a4cc2870bb28a7de206cf6127fe665da14b1dedbdd",
  "pins" : [
    {
      "identity" : "timelinetableviewcell",
      "kind" : "remoteSourceControl",
      "location" : "https://github.com/egigoka/TimelineTableViewCell",
      "state" : {
        "branch" : "master",
        "revision" : "c5d21f4a9e2626d5e508ce472ec4b8e569a3b6d2"
      }
    }
  ],
  "version" : 3
}
