// !$*UTF8*$!
{
	archiveVersion = 1;
	classes = {
	};
	objectVersion = 56;
	objects = {

/* Begin PBXBuildFile section */
		13FF9AFA2944A5B300812F22 /* AppDelegate.swift in Sources */ = {isa = PBXBuildFile; fileRef = 13FF9AF92944A5B300812F22 /* AppDelegate.swift */; };
		13FF9AFC2944A5B300812F22 /* SceneDelegate.swift in Sources */ = {isa = PBXBuildFile; fileRef = 13FF9AFB2944A5B300812F22 /* SceneDelegate.swift */; };
		13FF9AFE2944A5B300812F22 /* ViewController.swift in Sources */ = {isa = PBXBuildFile; fileRef = 13FF9AFD2944A5B300812F22 /* ViewController.swift */; };
		13FF9B012944A5B300812F22 /* Main.storyboard in Resources */ = {isa = PBXBuildFile; fileRef = 13FF9AFF2944A5B300812F22 /* Main.storyboard */; };
		13FF9B032944A5B400812F22 /* Assets.xcassets in Resources */ = {isa = PBXBuildFile; fileRef = 13FF9B022944A5B400812F22 /* Assets.xcassets */; };
		13FF9B062944A5B400812F22 /* LaunchScreen.storyboard in Resources */ = {isa = PBXBuildFile; fileRef = 13FF9B042944A5B400812F22 /* LaunchScreen.storyboard */; };
/* End PBXBuildFile section */

/* Begin PBXFileReference section */
		13FF9AF62944A5B300812F22 /* AboutMe.app */ = {isa = PBXFileReference; explicitFileType = wrapper.application; includeInIndex = 0; path = AboutMe.app; sourceTree = BUILT_PRODUCTS_DIR; };
		13FF9AF92944A5B300812F22 /* AppDelegate.swift */ = {isa = PBXFileReference; lastKnownFileType = sourcecode.swift; path = AppDelegate.swift; sourceTree = "<group>"; };
		13FF9AFB2944A5B300812F22 /* SceneDelegate.swift */ = {isa = PBXFileReference; lastKnownFileType = sourcecode.swift; path = SceneDelegate.swift; sourceTree = "<group>"; };
		13FF9AFD2944A5B300812F22 /* ViewController.swift */ = {isa = PBXFileReference; lastKnownFileType = sourcecode.swift; path = ViewController.swift; sourceTree = "<group>"; };
		13FF9B002944A5B300812F22 /* Base */ = {isa = PBXFileReference; lastKnownFileType = file.storyboard; name = Base; path = Base.lproj/Main.storyboard; sourceTree = "<group>"; };
		13FF9B022944A5B400812F22 /* Assets.xcassets */ = {isa = PBXFileReference; lastKnownFileType = folder.assetcatalog; path = Assets.xcassets; sourceTree = "<group>"; };
		13FF9B052944A5B400812F22 /* Base */ = {isa = PBXFileReference; lastKnownFileType = file.storyboard; name = Base; path = Base.lproj/LaunchScreen.storyboard; sourceTree = "<group>"; };
		13FF9B072944A5B400812F22 /* Info.plist */ = {isa = PBXFileReference; lastKnownFileType = text.plist.xml; path = Info.plist; sourceTree = "<group>"; };
/* End PBXFileReference section */

/* Begin PBXFrameworksBuildPhase section */
		13FF9AF32944A5B300812F22 /* Frameworks */ = {
			isa = PBXFrameworksBuildPhase;
			buildActionMask = 2147483647;
			files = (
			);
			runOnlyForDeploymentPostprocessing = 0;
		};
/* End PBXFrameworksBuildPhase section */

/* Begin PBXGroup section */
		13FF9AED2944A5B300812F22 = {
			isa = PBXGroup;
			children = (
				13FF9AF82944A5B300812F22 /* AboutMe */,
				13FF9AF72944A5B300812F22 /* Products */,
			);
			sourceTree = "<group>";
		};
		13FF9AF72944A5B300812F22 /* Products */ = {
			isa = PBXGroup;
			children = (
				13FF9AF62944A5B300812F22 /* AboutMe.app */,
			);
			name = Products;
			sourceTree = "<group>";
		};
		13FF9AF82944A5B300812F22 /* AboutMe */ = {
			isa = PBXGroup;
			children = (
				13FF9B102944A5DE00812F22 /* Storyboards */,
				13FF9B0F2944A5D600812F22 /* Other */,
				13FF9B0E2944A5C800812F22 /* ViewControllers */,
				13FF9B0D2944A5BF00812F22 /* Models */,
			);
			path = AboutMe;
			sourceTree = "<group>";
		};
		13FF9B0D2944A5BF00812F22 /* Models */ = {
			isa = PBXGroup;
			children = (
			);
			path = Models;
			sourceTree = "<group>";
		};
		13FF9B0E2944A5C800812F22 /* ViewControllers */ = {
			isa = PBXGroup;
			children = (
				13FF9AFD2944A5B300812F22 /* ViewController.swift */,
			);
			path = ViewControllers;
			sourceTree = "<group>";
		};
		13FF9B0F2944A5D600812F22 /* Other */ = {
			isa = PBXGroup;
			children = (
				13FF9AF92944A5B300812F22 /* AppDelegate.swift */,
				13FF9AFB2944A5B300812F22 /* SceneDelegate.swift */,
				13FF9B072944A5B400812F22 /* Info.plist */,
				13FF9B022944A5B400812F22 /* Assets.xcassets */,
			);
			path = Other;
			sourceTree = "<group>";
		};
		13FF9B102944A5DE00812F22 /* Storyboards */ = {
			isa = PBXGroup;
			children = (
				13FF9AFF2944A5B300812F22 /* Main.storyboard */,
				13FF9B042944A5B400812F22 /* LaunchScreen.storyboard */,
			);
			path = Storyboards;
			sourceTree = "<group>";
		};
/* End PBXGroup section */

/* Begin PBXNativeTarget section */
		13FF9AF52944A5B300812F22 /* AboutMe */ = {
			isa = PBXNativeTarget;
			buildConfigurationList = 13FF9B0A2944A5B400812F22 /* Build configuration list for PBXNativeTarget "AboutMe" */;
			buildPhases = (
				13FF9AF22944A5B300812F22 /* Sources */,
				13FF9AF32944A5B300812F22 /* Frameworks */,
				13FF9AF42944A5B300812F22 /* Resources */,
			);
			buildRules = (
			);
			dependencies = (
			);
			name = AboutMe;
			productName = AboutMe;
			productReference = 13FF9AF62944A5B300812F22 /* AboutMe.app */;
			productType = "com.apple.product-type.application";
		};
/* End PBXNativeTarget section */

/* Begin PBXProject section */
		13FF9AEE2944A5B300812F22 /* Project object */ = {
			isa = PBXProject;
			attributes = {
				BuildIndependentTargetsInParallel = 1;
				LastSwiftUpdateCheck = 1410;
				LastUpgradeCheck = 1410;
				TargetAttributes = {
					13FF9AF52944A5B300812F22 = {
						CreatedOnToolsVersion = 14.1;
					};
				};
			};
			buildConfigurationList = 13FF9AF12944A5B300812F22 /* Build configuration list for PBXProject "AboutMe" */;
			compatibilityVersion = "Xcode 14.0";
			developmentRegion = en;
			hasScannedForEncodings = 0;
			knownRegions = (
				en,
				Base,
			);
			mainGroup = 13FF9AED2944A5B300812F22;
			productRefGroup = 13FF9AF72944A5B300812F22 /* Products */;
			projectDirPath = "";
			projectRoot = "";
			targets = (
				13FF9AF52944A5B300812F22 /* AboutMe */,
			);
		};
/* End PBXProject section */

/* Begin PBXResourcesBuildPhase section */
		13FF9AF42944A5B300812F22 /* Resources */ = {
			isa = PBXResourcesBuildPhase;
			buildActionMask = 2147483647;
			files = (
				13FF9B062944A5B400812F22 /* LaunchScreen.storyboard in Resources */,
				13FF9B032944A5B400812F22 /* Assets.xcassets in Resources */,
				13FF9B012944A5B300812F22 /* Main.storyboard in Resources */,
			);
			runOnlyForDeploymentPostprocessing = 0;
		};
/* End PBXResourcesBuildPhase section */

/* Begin PBXSourcesBuildPhase section */
		13FF9AF22944A5B300812F22 /* Sources */ = {
			isa = PBXSourcesBuildPhase;
			buildActionMask = 2147483647;
			files = (
				13FF9AFE2944A5B300812F22 /* ViewController.swift in Sources */,
				13FF9AFA2944A5B300812F22 /* AppDelegate.swift in Sources */,
				13FF9AFC2944A5B300812F22 /* SceneDelegate.swift in Sources */,
			);
			runOnlyForDeploymentPostprocessing = 0;
		};
/* End PBXSourcesBuildPhase section */

/* Begin PBXVariantGroup section */
		13FF9AFF2944A5B300812F22 /* Main.storyboard */ = {
			isa = PBXVariantGroup;
			children = (
				13FF9B002944A5B300812F22 /* Base */,
			);
			name = Main.storyboard;
			sourceTree = "<group>";
		};
		13FF9B042944A5B400812F22 /* LaunchScreen.storyboard */ = {
			isa = PBXVariantGroup;
			children = (
				13FF9B052944A5B400812F22 /* Base */,
			);
			name = LaunchScreen.storyboard;
			sourceTree = "<group>";
		};
/* End PBXVariantGroup section */

/* Begin XCBuildConfiguration section */
		13FF9B082944A5B400812F22 /* Debug */ = {
			isa = XCBuildConfiguration;
			buildSettings = {
				ALWAYS_SEARCH_USER_PATHS = NO;
				CLANG_ANALYZER_NONNULL = YES;
				CLANG_ANALYZER_NUMBER_OBJECT_CONVERSION = YES_AGGRESSIVE;
				CLANG_CXX_LANGUAGE_STANDARD = "gnu++20";
				CLANG_ENABLE_MODULES = YES;
				CLANG_ENABLE_OBJC_ARC = YES;
				CLANG_ENABLE_OBJC_WEAK = YES;
				CLANG_WARN_BLOCK_CAPTURE_AUTORELEASING = YES;
				CLANG_WARN_BOOL_CONVERSION = YES;
				CLANG_WARN_COMMA = YES;
				CLANG_WARN_CONSTANT_CONVERSION = YES;
				CLANG_WARN_DEPRECATED_OBJC_IMPLEMENTATIONS = YES;
				CLANG_WARN_DIRECT_OBJC_ISA_USAGE = YES_ERROR;
				CLANG_WARN_DOCUMENTATION_COMMENTS = YES;
				CLANG_WARN_EMPTY_BODY = YES;
				CLANG_WARN_ENUM_CONVERSION = YES;
				CLANG_WARN_INFINITE_RECURSION = YES;
				CLANG_WARN_INT_CONVERSION = YES;
				CLANG_WARN_NON_LITERAL_NULL_CONVERSION = YES;
				CLANG_WARN_OBJC_IMPLICIT_RETAIN_SELF = YES;
				CLANG_WARN_OBJC_LITERAL_CONVERSION = YES;
				CLANG_WARN_OBJC_ROOT_CLASS = YES_ERROR;
				CLANG_WARN_QUOTED_INCLUDE_IN_FRAMEWORK_HEADER = YES;
				CLANG_WARN_RANGE_LOOP_ANALYSIS = YES;
				CLANG_WARN_STRICT_PROTOTYPES = YES;
				CLANG_WARN_SUSPICIOUS_MOVE = YES;
				CLANG_WARN_UNGUARDED_AVAILABILITY = YES_AGGRESSIVE;
				CLANG_WARN_UNREACHABLE_CODE = YES;
				CLANG_WARN__DUPLICATE_METHOD_MATCH = YES;
				COPY_PHASE_STRIP = NO;
				DEBUG_INFORMATION_FORMAT = dwarf;
				ENABLE_STRICT_OBJC_MSGSEND = YES;
				ENABLE_TESTABILITY = YES;
				GCC_C_LANGUAGE_STANDARD = gnu11;
				GCC_DYNAMIC_NO_PIC = NO;
				GCC_NO_COMMON_BLOCKS = YES;
				GCC_OPTIMIZATION_LEVEL = 0;
				GCC_PREPROCESSOR_DEFINITIONS = (
					"DEBUG=1",
					"$(inherited)",
				);
				GCC_WARN_64_TO_32_BIT_CONVERSION = YES;
				GCC_WARN_ABOUT_RETURN_TYPE = YES_ERROR;
				GCC_WARN_UNDECLARED_SELECTOR = YES;
				GCC_WARN_UNINITIALIZED_AUTOS = YES_AGGRESSIVE;
				GCC_WARN_UNUSED_FUNCTION = YES;
				GCC_WARN_UNUSED_VARIABLE = YES;
				IPHONEOS_DEPLOYMENT_TARGET = 16.1;
				MTL_ENABLE_DEBUG_INFO = INCLUDE_SOURCE;
				MTL_FAST_MATH = YES;
				ONLY_ACTIVE_ARCH = YES;
				SDKROOT = iphoneos;
				SWIFT_ACTIVE_COMPILATION_CONDITIONS = DEBUG;
				SWIFT_OPTIMIZATION_LEVEL = "-Onone";
			};
			name = Debug;
		};
		13FF9B092944A5B400812F22 /* Release */ = {
			isa = XCBuildConfiguration;
			buildSettings = {
				ALWAYS_SEARCH_USER_PATHS = NO;
				CLANG_ANALYZER_NONNULL = YES;
				CLANG_ANALYZER_NUMBER_OBJECT_CONVERSION = YES_AGGRESSIVE;
				CLANG_CXX_LANGUAGE_STANDARD = "gnu++20";
				CLANG_ENABLE_MODULES = YES;
				CLANG_ENABLE_OBJC_ARC = YES;
				CLANG_ENABLE_OBJC_WEAK = YES;
				CLANG_WARN_BLOCK_CAPTURE_AUTORELEASING = YES;
				CLANG_WARN_BOOL_CONVERSION = YES;
				CLANG_WARN_COMMA = YES;
				CLANG_WARN_CONSTANT_CONVERSION = YES;
				CLANG_WARN_DEPRECATED_OBJC_IMPLEMENTATIONS = YES;
				CLANG_WARN_DIRECT_OBJC_ISA_USAGE = YES_ERROR;
				CLANG_WARN_DOCUMENTATION_COMMENTS = YES;
				CLANG_WARN_EMPTY_BODY = YES;
				CLANG_WARN_ENUM_CONVERSION = YES;
				CLANG_WARN_INFINITE_RECURSION = YES;
				CLANG_WARN_INT_CONVERSION = YES;
				CLANG_WARN_NON_LITERAL_NULL_CONVERSION = YES;
				CLANG_WARN_OBJC_IMPLICIT_RETAIN_SELF = YES;
				CLANG_WARN_OBJC_LITERAL_CONVERSION = YES;
				CLANG_WARN_OBJC_ROOT_CLASS = YES_ERROR;
				CLANG_WARN_QUOTED_INCLUDE_IN_FRAMEWORK_HEADER = YES;
				CLANG_WARN_RANGE_LOOP_ANALYSIS = YES;
				CLANG_WARN_STRICT_PROTOTYPES = YES;
				CLANG_WARN_SUSPICIOUS_MOVE = YES;
				CLANG_WARN_UNGUARDED_AVAILABILITY = YES_AGGRESSIVE;
				CLANG_WARN_UNREACHABLE_CODE = YES;
				CLANG_WARN__DUPLICATE_METHOD_MATCH = YES;
				COPY_PHASE_STRIP = NO;
				DEBUG_INFORMATION_FORMAT = "dwarf-with-dsym";
				ENABLE_NS_ASSERTIONS = NO;
				ENABLE_STRICT_OBJC_MSGSEND = YES;
				GCC_C_LANGUAGE_STANDARD = gnu11;
				GCC_NO_COMMON_BLOCKS = YES;
				GCC_WARN_64_TO_32_BIT_CONVERSION = YES;
				GCC_WARN_ABOUT_RETURN_TYPE = YES_ERROR;
				GCC_WARN_UNDECLARED_SELECTOR = YES;
				GCC_WARN_UNINITIALIZED_AUTOS = YES_AGGRESSIVE;
				GCC_WARN_UNUSED_FUNCTION = YES;
				GCC_WARN_UNUSED_VARIABLE = YES;
				IPHONEOS_DEPLOYMENT_TARGET = 16.1;
				MTL_ENABLE_DEBUG_INFO = NO;
				MTL_FAST_MATH = YES;
				SDKROOT = iphoneos;
				SWIFT_COMPILATION_MODE = wholemodule;
				SWIFT_OPTIMIZATION_LEVEL = "-O";
				VALIDATE_PRODUCT = YES;
			};
			name = Release;
		};
		13FF9B0B2944A5B400812F22 /* Debug */ = {
			isa = XCBuildConfiguration;
			buildSettings = {
				ASSETCATALOG_COMPILER_APPICON_NAME = AppIcon;
				ASSETCATALOG_COMPILER_GLOBAL_ACCENT_COLOR_NAME = AccentColor;
				CODE_SIGN_STYLE = Automatic;
				CURRENT_PROJECT_VERSION = 1;
				DEVELOPMENT_TEAM = PTT6GCQ699;
				GENERATE_INFOPLIST_FILE = YES;
				INFOPLIST_FILE = AboutMe/Other/Info.plist;
				INFOPLIST_KEY_UIApplicationSupportsIndirectInputEvents = YES;
				INFOPLIST_KEY_UILaunchStoryboardName = LaunchScreen;
				INFOPLIST_KEY_UIMainStoryboardFile = Main;
				INFOPLIST_KEY_UISupportedInterfaceOrientations_iPad = "UIInterfaceOrientationPortrait UIInterfaceOrientationPortraitUpsideDown UIInterfaceOrientationLandscapeLeft UIInterfaceOrientationLandscapeRight";
				INFOPLIST_KEY_UISupportedInterfaceOrientations_iPhone = "UIInterfaceOrientationPortrait UIInterfaceOrientationLandscapeLeft UIInterfaceOrientationLandscapeRight";
				IPHONEOS_DEPLOYMENT_TARGET = 14.2;
				LD_RUNPATH_SEARCH_PATHS = (
					"$(inherited)",
					"@executable_path/Frameworks",
				);
				MARKETING_VERSION = 1.0;
				PRODUCT_BUNDLE_IDENTIFIER = egorov.egor.AboutMe;
				PRODUCT_NAME = "$(TARGET_NAME)";
				SWIFT_EMIT_LOC_STRINGS = YES;
				SWIFT_VERSION = 5.0;
				TARGETED_DEVICE_FAMILY = "1,2";
			};
			name = Debug;
		};
		13FF9B0C2944A5B400812F22 /* Release */ = {
			isa = XCBuildConfiguration;
			buildSettings = {
				ASSETCATALOG_COMPILER_APPICON_NAME = AppIcon;
				ASSETCATALOG_COMPILER_GLOBAL_ACCENT_COLOR_NAME = AccentColor;
				CODE_SIGN_STYLE = Automatic;
				CURRENT_PROJECT_VERSION = 1;
				DEVELOPMENT_TEAM = PTT6GCQ699;
				GENERATE_INFOPLIST_FILE = YES;
				INFOPLIST_FILE = AboutMe/Other/Info.plist;
				INFOPLIST_KEY_UIApplicationSupportsIndirectInputEvents = YES;
				INFOPLIST_KEY_UILaunchStoryboardName = LaunchScreen;
				INFOPLIST_KEY_UIMainStoryboardFile = Main;
				INFOPLIST_KEY_UISupportedInterfaceOrientations_iPad = "UIInterfaceOrientationPortrait UIInterfaceOrientationPortraitUpsideDown UIInterfaceOrientationLandscapeLeft UIInterfaceOrientationLandscapeRight";
				INFOPLIST_KEY_UISupportedInterfaceOrientations_iPhone = "UIInterfaceOrientationPortrait UIInterfaceOrientationLandscapeLeft UIInterfaceOrientationLandscapeRight";
				IPHONEOS_DEPLOYMENT_TARGET = 14.2;
				LD_RUNPATH_SEARCH_PATHS = (
					"$(inherited)",
					"@executable_path/Frameworks",
				);
				MARKETING_VERSION = 1.0;
				PRODUCT_BUNDLE_IDENTIFIER = egorov.egor.AboutMe;
				PRODUCT_NAME = "$(TARGET_NAME)";
				SWIFT_EMIT_LOC_STRINGS = YES;
				SWIFT_VERSION = 5.0;
				TARGETED_DEVICE_FAMILY = "1,2";
			};
			name = Release;
		};
/* End XCBuildConfiguration section */

/* Begin XCConfigurationList section */
		13FF9AF12944A5B300812F22 /* Build configuration list for PBXProject "AboutMe" */ = {
			isa = XCConfigurationList;
			buildConfigurations = (
				13FF9B082944A5B400812F22 /* Debug */,
				13FF9B092944A5B400812F22 /* Release */,
			);
			defaultConfigurationIsVisible = 0;
			defaultConfigurationName = Release;
		};
		13FF9B0A2944A5B400812F22 /* Build configuration list for PBXNativeTarget "AboutMe" */ = {
			isa = XCConfigurationList;
			buildConfigurations = (
				13FF9B0B2944A5B400812F22 /* Debug */,
				13FF9B0C2944A5B400812F22 /* Release */,
			);
			defaultConfigurationIsVisible = 0;
			defaultConfigurationName = Release;
		};
/* End XCConfigurationList section */
	};
	rootObject = 13FF9AEE2944A5B300812F22 /* Project object */;
}
